{
  "name": "felvin-landing-page",
  "lockfileVersion": 2,
  "requires": true,
  "packages": {
    "": {
      "dependencies": {
        "@splinetool/react-spline": "^2.1.0",
        "@splinetool/runtime": "^0.9.37",
        "next": "latest",
        "react": "^17.0.2",
        "react-dom": "^17.0.2",
        "react-feather": "^2.0.9",
        "react-is": "^17.0.2",
        "react-spline": "^1.2.1",
        "react-syntax-highlighter": "^15.5.0",
        "styled-components": "^5.2.3",
        "swiper": "^8.1.4"
      }
    },
    "node_modules/@babel/code-frame": {
      "version": "7.16.7",
      "license": "MIT",
      "dependencies": {
        "@babel/highlight": "^7.16.7"
      },
      "engines": {
        "node": ">=6.9.0"
      }
    },
    "node_modules/@babel/generator": {
      "version": "7.17.3",
      "license": "MIT",
      "dependencies": {
        "@babel/types": "^7.17.0",
        "jsesc": "^2.5.1",
        "source-map": "^0.5.0"
      },
      "engines": {
        "node": ">=6.9.0"
      }
    },
    "node_modules/@babel/helper-annotate-as-pure": {
      "version": "7.16.7",
      "license": "MIT",
      "dependencies": {
        "@babel/types": "^7.16.7"
      },
      "engines": {
        "node": ">=6.9.0"
      }
    },
    "node_modules/@babel/helper-environment-visitor": {
      "version": "7.16.7",
      "license": "MIT",
      "dependencies": {
        "@babel/types": "^7.16.7"
      },
      "engines": {
        "node": ">=6.9.0"
      }
    },
    "node_modules/@babel/helper-function-name": {
      "version": "7.16.7",
      "license": "MIT",
      "dependencies": {
        "@babel/helper-get-function-arity": "^7.16.7",
        "@babel/template": "^7.16.7",
        "@babel/types": "^7.16.7"
      },
      "engines": {
        "node": ">=6.9.0"
      }
    },
    "node_modules/@babel/helper-get-function-arity": {
      "version": "7.16.7",
      "license": "MIT",
      "dependencies": {
        "@babel/types": "^7.16.7"
      },
      "engines": {
        "node": ">=6.9.0"
      }
    },
    "node_modules/@babel/helper-hoist-variables": {
      "version": "7.16.7",
      "license": "MIT",
      "dependencies": {
        "@babel/types": "^7.16.7"
      },
      "engines": {
        "node": ">=6.9.0"
      }
    },
    "node_modules/@babel/helper-module-imports": {
      "version": "7.16.7",
      "license": "MIT",
      "dependencies": {
        "@babel/types": "^7.16.7"
      },
      "engines": {
        "node": ">=6.9.0"
      }
    },
    "node_modules/@babel/helper-split-export-declaration": {
      "version": "7.16.7",
      "license": "MIT",
      "dependencies": {
        "@babel/types": "^7.16.7"
      },
      "engines": {
        "node": ">=6.9.0"
      }
    },
    "node_modules/@babel/helper-validator-identifier": {
      "version": "7.16.7",
      "license": "MIT",
      "engines": {
        "node": ">=6.9.0"
      }
    },
    "node_modules/@babel/highlight": {
      "version": "7.16.10",
      "license": "MIT",
      "dependencies": {
        "@babel/helper-validator-identifier": "^7.16.7",
        "chalk": "^2.0.0",
        "js-tokens": "^4.0.0"
      },
      "engines": {
        "node": ">=6.9.0"
      }
    },
    "node_modules/@babel/parser": {
      "version": "7.17.3",
      "license": "MIT",
      "bin": {
        "parser": "bin/babel-parser.js"
      },
      "engines": {
        "node": ">=6.0.0"
      }
    },
    "node_modules/@babel/runtime": {
      "version": "7.17.8",
      "license": "MIT",
      "dependencies": {
        "regenerator-runtime": "^0.13.4"
      },
      "engines": {
        "node": ">=6.9.0"
      }
    },
    "node_modules/@babel/template": {
      "version": "7.16.7",
      "license": "MIT",
      "dependencies": {
        "@babel/code-frame": "^7.16.7",
        "@babel/parser": "^7.16.7",
        "@babel/types": "^7.16.7"
      },
      "engines": {
        "node": ">=6.9.0"
      }
    },
    "node_modules/@babel/traverse": {
      "version": "7.17.3",
      "license": "MIT",
      "dependencies": {
        "@babel/code-frame": "^7.16.7",
        "@babel/generator": "^7.17.3",
        "@babel/helper-environment-visitor": "^7.16.7",
        "@babel/helper-function-name": "^7.16.7",
        "@babel/helper-hoist-variables": "^7.16.7",
        "@babel/helper-split-export-declaration": "^7.16.7",
        "@babel/parser": "^7.17.3",
        "@babel/types": "^7.17.0",
        "debug": "^4.1.0",
        "globals": "^11.1.0"
      },
      "engines": {
        "node": ">=6.9.0"
      }
    },
    "node_modules/@babel/types": {
      "version": "7.17.0",
      "license": "MIT",
      "dependencies": {
        "@babel/helper-validator-identifier": "^7.16.7",
        "to-fast-properties": "^2.0.0"
      },
      "engines": {
        "node": ">=6.9.0"
      }
    },
    "node_modules/@emotion/is-prop-valid": {
      "version": "0.8.8",
      "license": "MIT",
      "dependencies": {
        "@emotion/memoize": "0.7.4"
      }
    },
    "node_modules/@emotion/memoize": {
      "version": "0.7.4",
      "license": "MIT"
    },
    "node_modules/@emotion/stylis": {
      "version": "0.8.5",
      "license": "MIT"
    },
    "node_modules/@emotion/unitless": {
      "version": "0.7.5",
      "license": "MIT"
    },
    "node_modules/@next/env": {
      "version": "12.1.5",
      "resolved": "https://registry.npmjs.org/@next/env/-/env-12.1.5.tgz",
      "integrity": "sha512-+34yUJslfJi7Lyx6ELuN8nWcOzi27izfYnZIC1Dqv7kmmfiBVxgzR3BXhlvEMTKC2IRJhXVs2FkMY+buQe3k7Q=="
    },
    "node_modules/@next/swc-android-arm-eabi": {
      "version": "12.1.5",
      "resolved": "https://registry.npmjs.org/@next/swc-android-arm-eabi/-/swc-android-arm-eabi-12.1.5.tgz",
      "integrity": "sha512-SKnGTdYcoN04Y2DvE0/Y7/MjkA+ltsmbuH/y/hR7Ob7tsj+8ZdOYuk+YvW1B8dY20nDPHP58XgDTSm2nA8BzzA==",
      "cpu": [
        "arm"
      ],
      "optional": true,
      "os": [
        "android"
      ],
      "engines": {
        "node": ">= 10"
      }
    },
    "node_modules/@next/swc-android-arm64": {
      "version": "12.1.5",
      "resolved": "https://registry.npmjs.org/@next/swc-android-arm64/-/swc-android-arm64-12.1.5.tgz",
      "integrity": "sha512-YXiqgQ/9Rxg1dXp6brXbeQM1JDx9SwUY/36JiE+36FXqYEmDYbxld9qkX6GEzkc5rbwJ+RCitargnzEtwGW0mw==",
      "cpu": [
        "arm64"
      ],
      "optional": true,
      "os": [
        "android"
      ],
      "engines": {
        "node": ">= 10"
      }
    },
    "node_modules/@next/swc-darwin-arm64": {
      "version": "12.1.5",
      "resolved": "https://registry.npmjs.org/@next/swc-darwin-arm64/-/swc-darwin-arm64-12.1.5.tgz",
      "integrity": "sha512-y8mhldb/WFZ6lFeowkGfi0cO/lBdiBqDk4T4LZLvCpoQp4Or/NzUN6P5NzBQZ5/b4oUHM/wQICEM+1wKA4qIVw==",
      "cpu": [
        "arm64"
      ],
      "optional": true,
      "os": [
        "darwin"
      ],
      "engines": {
        "node": ">= 10"
      }
    },
    "node_modules/@next/swc-darwin-x64": {
      "version": "12.1.5",
      "resolved": "https://registry.npmjs.org/@next/swc-darwin-x64/-/swc-darwin-x64-12.1.5.tgz",
      "integrity": "sha512-wqJ3X7WQdTwSGi0kIDEmzw34QHISRIQ5uvC+VXmsIlCPFcMA+zM5723uh8NfuKGquDMiEMS31a83QgkuHMYbwQ==",
      "cpu": [
        "x64"
      ],
      "optional": true,
      "os": [
        "darwin"
      ],
      "engines": {
        "node": ">= 10"
      }
    },
    "node_modules/@next/swc-linux-arm-gnueabihf": {
      "version": "12.1.5",
      "resolved": "https://registry.npmjs.org/@next/swc-linux-arm-gnueabihf/-/swc-linux-arm-gnueabihf-12.1.5.tgz",
      "integrity": "sha512-WnhdM5duONMvt2CncAl+9pim0wBxDS2lHoo7ub/o/i1bRbs11UTzosKzEXVaTDCUkCX2c32lIDi1WcN2ZPkcdw==",
      "cpu": [
        "arm"
      ],
      "optional": true,
      "os": [
        "linux"
      ],
      "engines": {
        "node": ">= 10"
      }
    },
    "node_modules/@next/swc-linux-arm64-gnu": {
      "version": "12.1.5",
      "resolved": "https://registry.npmjs.org/@next/swc-linux-arm64-gnu/-/swc-linux-arm64-gnu-12.1.5.tgz",
      "integrity": "sha512-Jq2H68yQ4bLUhR/XQnbw3LDW0GMQn355qx6rU36BthDLeGue7YV7MqNPa8GKvrpPocEMW77nWx/1yI6w6J07gw==",
      "cpu": [
        "arm64"
      ],
      "optional": true,
      "os": [
        "linux"
      ],
      "engines": {
        "node": ">= 10"
      }
    },
    "node_modules/@next/swc-linux-arm64-musl": {
      "version": "12.1.5",
      "resolved": "https://registry.npmjs.org/@next/swc-linux-arm64-musl/-/swc-linux-arm64-musl-12.1.5.tgz",
      "integrity": "sha512-KgPjwdbhDqXI7ghNN8V/WAiLquc9Ebe8KBrNNEL0NQr+yd9CyKJ6KqjayVkmX+hbHzbyvbui/5wh/p3CZQ9xcQ==",
      "cpu": [
        "arm64"
      ],
      "optional": true,
      "os": [
        "linux"
      ],
      "engines": {
        "node": ">= 10"
      }
    },
    "node_modules/@next/swc-linux-x64-gnu": {
      "version": "12.1.5",
      "resolved": "https://registry.npmjs.org/@next/swc-linux-x64-gnu/-/swc-linux-x64-gnu-12.1.5.tgz",
      "integrity": "sha512-O2ErUTvCJ6DkNTSr9pbu1n3tcqykqE/ebty1rwClzIYdOgpB3T2MfEPP+K7GhUR87wmN/hlihO9ch7qpVFDGKw==",
      "cpu": [
        "x64"
      ],
      "optional": true,
      "os": [
        "linux"
      ],
      "engines": {
        "node": ">= 10"
      }
    },
    "node_modules/@next/swc-linux-x64-musl": {
      "version": "12.1.5",
      "resolved": "https://registry.npmjs.org/@next/swc-linux-x64-musl/-/swc-linux-x64-musl-12.1.5.tgz",
      "integrity": "sha512-1eIlZmlO/VRjxxzUBcVosf54AFU3ltAzHi+BJA+9U/lPxCYIsT+R4uO3QksRzRjKWhVQMRjEnlXyyq5SKJm7BA==",
      "cpu": [
        "x64"
      ],
      "optional": true,
      "os": [
        "linux"
      ],
      "engines": {
        "node": ">= 10"
      }
    },
    "node_modules/@next/swc-win32-arm64-msvc": {
      "version": "12.1.5",
      "resolved": "https://registry.npmjs.org/@next/swc-win32-arm64-msvc/-/swc-win32-arm64-msvc-12.1.5.tgz",
      "integrity": "sha512-oromsfokbEuVb0CBLLE7R9qX3KGXucZpsojLpzUh1QJjuy1QkrPJncwr8xmWQnwgtQ6ecMWXgXPB+qtvizT9Tw==",
      "cpu": [
        "arm64"
      ],
      "optional": true,
      "os": [
        "win32"
      ],
      "engines": {
        "node": ">= 10"
      }
    },
    "node_modules/@next/swc-win32-ia32-msvc": {
      "version": "12.1.5",
      "resolved": "https://registry.npmjs.org/@next/swc-win32-ia32-msvc/-/swc-win32-ia32-msvc-12.1.5.tgz",
      "integrity": "sha512-a/51L5KzBpeZSW9LbekMo3I3Cwul+V+QKwbEIMA+Qwb2qrlcn1L9h3lt8cHqNTFt2y72ce6aTwDTw1lyi5oIRA==",
      "cpu": [
        "ia32"
      ],
      "optional": true,
      "os": [
        "win32"
      ],
      "engines": {
        "node": ">= 10"
      }
    },
    "node_modules/@next/swc-win32-x64-msvc": {
      "version": "12.1.5",
      "resolved": "https://registry.npmjs.org/@next/swc-win32-x64-msvc/-/swc-win32-x64-msvc-12.1.5.tgz",
      "integrity": "sha512-/SoXW1Ntpmpw3AXAzfDRaQidnd8kbZ2oSni8u5z0yw6t4RwJvmdZy1eOaAADRThWKV+2oU90++LSnXJIwBRWYQ==",
      "cpu": [
        "x64"
      ],
      "optional": true,
      "os": [
        "win32"
      ],
      "engines": {
        "node": ">= 10"
      }
    },
    "node_modules/@splinetool/react-spline": {
      "version": "2.1.0",
      "peerDependencies": {
        "@splinetool/runtime": "*",
        "react": ">=17.0.0",
        "react-dom": ">=17.0.0"
      }
    },
    "node_modules/@splinetool/runtime": {
      "version": "0.9.37",
      "dependencies": {
        "on-change": "^4.0.0"
      }
    },
    "node_modules/@types/hast": {
      "version": "2.3.4",
      "license": "MIT",
      "dependencies": {
        "@types/unist": "*"
      }
    },
    "node_modules/@types/unist": {
      "version": "2.0.6",
      "license": "MIT"
    },
    "node_modules/ansi-styles": {
      "version": "3.2.1",
      "license": "MIT",
      "dependencies": {
        "color-convert": "^1.9.0"
      },
      "engines": {
        "node": ">=4"
      }
    },
    "node_modules/babel-plugin-styled-components": {
      "version": "2.0.6",
      "license": "MIT",
      "dependencies": {
        "@babel/helper-annotate-as-pure": "^7.16.0",
        "@babel/helper-module-imports": "^7.16.0",
        "babel-plugin-syntax-jsx": "^6.18.0",
        "lodash": "^4.17.11",
        "picomatch": "^2.3.0"
      },
      "peerDependencies": {
        "styled-components": ">= 2"
      }
    },
    "node_modules/babel-plugin-syntax-jsx": {
      "version": "6.18.0",
      "license": "MIT"
    },
    "node_modules/camelize": {
      "version": "1.0.0",
      "license": "MIT"
    },
    "node_modules/caniuse-lite": {
      "version": "1.0.30001314",
      "license": "CC-BY-4.0",
      "funding": {
        "type": "opencollective",
        "url": "https://opencollective.com/browserslist"
      }
    },
    "node_modules/chalk": {
      "version": "2.4.2",
      "license": "MIT",
      "dependencies": {
        "ansi-styles": "^3.2.1",
        "escape-string-regexp": "^1.0.5",
        "supports-color": "^5.3.0"
      },
      "engines": {
        "node": ">=4"
      }
    },
    "node_modules/character-entities": {
      "version": "1.2.4",
      "license": "MIT",
      "funding": {
        "type": "github",
        "url": "https://github.com/sponsors/wooorm"
      }
    },
    "node_modules/character-entities-legacy": {
      "version": "1.1.4",
      "license": "MIT",
      "funding": {
        "type": "github",
        "url": "https://github.com/sponsors/wooorm"
      }
    },
    "node_modules/character-reference-invalid": {
      "version": "1.1.4",
      "license": "MIT",
      "funding": {
        "type": "github",
        "url": "https://github.com/sponsors/wooorm"
      }
    },
    "node_modules/color-convert": {
      "version": "1.9.3",
      "license": "MIT",
      "dependencies": {
        "color-name": "1.1.3"
      }
    },
    "node_modules/color-name": {
      "version": "1.1.3",
      "license": "MIT"
    },
    "node_modules/comma-separated-tokens": {
      "version": "1.0.8",
      "license": "MIT",
      "funding": {
        "type": "github",
        "url": "https://github.com/sponsors/wooorm"
      }
    },
    "node_modules/css-color-keywords": {
      "version": "1.0.0",
      "license": "ISC",
      "engines": {
        "node": ">=4"
      }
    },
    "node_modules/css-to-react-native": {
      "version": "3.0.0",
      "license": "MIT",
      "dependencies": {
        "camelize": "^1.0.0",
        "css-color-keywords": "^1.0.0",
        "postcss-value-parser": "^4.0.2"
      }
    },
    "node_modules/debug": {
      "version": "4.3.3",
      "license": "MIT",
      "dependencies": {
        "ms": "2.1.2"
      },
      "engines": {
        "node": ">=6.0"
      },
      "peerDependenciesMeta": {
        "supports-color": {
          "optional": true
        }
      }
    },
    "node_modules/dom7": {
      "version": "4.0.4",
      "resolved": "https://registry.npmjs.org/dom7/-/dom7-4.0.4.tgz",
      "integrity": "sha512-DSSgBzQ4rJWQp1u6o+3FVwMNnT5bzQbMb+o31TjYYeRi05uAcpF8koxdfzeoe5ElzPmua7W7N28YJhF7iEKqIw==",
      "dependencies": {
        "ssr-window": "^4.0.0"
      }
    },
    "node_modules/escape-string-regexp": {
      "version": "1.0.5",
      "license": "MIT",
      "engines": {
        "node": ">=0.8.0"
      }
    },
    "node_modules/fault": {
      "version": "1.0.4",
      "license": "MIT",
      "dependencies": {
        "format": "^0.2.0"
      },
      "funding": {
        "type": "github",
        "url": "https://github.com/sponsors/wooorm"
      }
    },
    "node_modules/format": {
      "version": "0.2.2",
      "engines": {
        "node": ">=0.4.x"
      }
    },
    "node_modules/globals": {
      "version": "11.12.0",
      "license": "MIT",
      "engines": {
        "node": ">=4"
      }
    },
    "node_modules/has-flag": {
      "version": "3.0.0",
      "license": "MIT",
      "engines": {
        "node": ">=4"
      }
    },
    "node_modules/hast-util-parse-selector": {
      "version": "2.2.5",
      "license": "MIT",
      "funding": {
        "type": "opencollective",
        "url": "https://opencollective.com/unified"
      }
    },
    "node_modules/hastscript": {
      "version": "6.0.0",
      "license": "MIT",
      "dependencies": {
        "@types/hast": "^2.0.0",
        "comma-separated-tokens": "^1.0.0",
        "hast-util-parse-selector": "^2.0.0",
        "property-information": "^5.0.0",
        "space-separated-tokens": "^1.0.0"
      },
      "funding": {
        "type": "opencollective",
        "url": "https://opencollective.com/unified"
      }
    },
    "node_modules/highlight.js": {
      "version": "10.7.3",
      "license": "BSD-3-Clause",
      "engines": {
        "node": "*"
      }
    },
    "node_modules/hoist-non-react-statics": {
      "version": "3.3.2",
      "license": "BSD-3-Clause",
      "dependencies": {
        "react-is": "^16.7.0"
      }
    },
    "node_modules/hoist-non-react-statics/node_modules/react-is": {
      "version": "16.13.1",
      "license": "MIT"
    },
    "node_modules/is-alphabetical": {
      "version": "1.0.4",
      "license": "MIT",
      "funding": {
        "type": "github",
        "url": "https://github.com/sponsors/wooorm"
      }
    },
    "node_modules/is-alphanumerical": {
      "version": "1.0.4",
      "license": "MIT",
      "dependencies": {
        "is-alphabetical": "^1.0.0",
        "is-decimal": "^1.0.0"
      },
      "funding": {
        "type": "github",
        "url": "https://github.com/sponsors/wooorm"
      }
    },
    "node_modules/is-decimal": {
      "version": "1.0.4",
      "license": "MIT",
      "funding": {
        "type": "github",
        "url": "https://github.com/sponsors/wooorm"
      }
    },
    "node_modules/is-hexadecimal": {
      "version": "1.0.4",
      "license": "MIT",
      "funding": {
        "type": "github",
        "url": "https://github.com/sponsors/wooorm"
      }
    },
    "node_modules/js-tokens": {
      "version": "4.0.0",
      "license": "MIT"
    },
    "node_modules/jsesc": {
      "version": "2.5.2",
      "license": "MIT",
      "bin": {
        "jsesc": "bin/jsesc"
      },
      "engines": {
        "node": ">=4"
      }
    },
    "node_modules/lodash": {
      "version": "4.17.21",
      "license": "MIT"
    },
    "node_modules/loose-envify": {
      "version": "1.4.0",
      "license": "MIT",
      "dependencies": {
        "js-tokens": "^3.0.0 || ^4.0.0"
      },
      "bin": {
        "loose-envify": "cli.js"
      }
    },
    "node_modules/lowlight": {
      "version": "1.20.0",
      "license": "MIT",
      "dependencies": {
        "fault": "^1.0.0",
        "highlight.js": "~10.7.0"
      },
      "funding": {
        "type": "github",
        "url": "https://github.com/sponsors/wooorm"
      }
    },
    "node_modules/ms": {
      "version": "2.1.2",
      "license": "MIT"
    },
    "node_modules/nanoid": {
      "version": "3.3.1",
      "license": "MIT",
      "bin": {
        "nanoid": "bin/nanoid.cjs"
      },
      "engines": {
        "node": "^10 || ^12 || ^13.7 || ^14 || >=15.0.1"
      }
    },
    "node_modules/next": {
      "version": "12.1.5",
      "resolved": "https://registry.npmjs.org/next/-/next-12.1.5.tgz",
      "integrity": "sha512-YGHDpyfgCfnT5GZObsKepmRnne7Kzp7nGrac07dikhutWQug7hHg85/+sPJ4ZW5Q2pDkb+n0FnmLkmd44htIJQ==",
      "dependencies": {
        "@next/env": "12.1.5",
        "caniuse-lite": "^1.0.30001283",
        "postcss": "8.4.5",
        "styled-jsx": "5.0.1"
      },
      "bin": {
        "next": "dist/bin/next"
      },
      "engines": {
        "node": ">=12.22.0"
      },
      "optionalDependencies": {
        "@next/swc-android-arm-eabi": "12.1.5",
        "@next/swc-android-arm64": "12.1.5",
        "@next/swc-darwin-arm64": "12.1.5",
        "@next/swc-darwin-x64": "12.1.5",
        "@next/swc-linux-arm-gnueabihf": "12.1.5",
        "@next/swc-linux-arm64-gnu": "12.1.5",
        "@next/swc-linux-arm64-musl": "12.1.5",
        "@next/swc-linux-x64-gnu": "12.1.5",
        "@next/swc-linux-x64-musl": "12.1.5",
        "@next/swc-win32-arm64-msvc": "12.1.5",
        "@next/swc-win32-ia32-msvc": "12.1.5",
        "@next/swc-win32-x64-msvc": "12.1.5"
      },
      "peerDependencies": {
        "fibers": ">= 3.1.0",
        "node-sass": "^6.0.0 || ^7.0.0",
        "react": "^17.0.2 || ^18.0.0-0",
        "react-dom": "^17.0.2 || ^18.0.0-0",
        "sass": "^1.3.0"
      },
      "peerDependenciesMeta": {
        "fibers": {
          "optional": true
        },
        "node-sass": {
          "optional": true
        },
        "sass": {
          "optional": true
        }
      }
    },
    "node_modules/object-assign": {
      "version": "4.1.1",
      "license": "MIT",
      "engines": {
        "node": ">=0.10.0"
      }
    },
    "node_modules/on-change": {
      "version": "4.0.0",
      "license": "MIT",
      "engines": {
        "node": "^12.20.0 || ^14.13.1 || >=16.0.0"
      },
      "funding": {
        "url": "https://github.com/sindresorhus/on-change?sponsor=1"
      }
    },
    "node_modules/parse-entities": {
      "version": "2.0.0",
      "license": "MIT",
      "dependencies": {
        "character-entities": "^1.0.0",
        "character-entities-legacy": "^1.0.0",
        "character-reference-invalid": "^1.0.0",
        "is-alphanumerical": "^1.0.0",
        "is-decimal": "^1.0.0",
        "is-hexadecimal": "^1.0.0"
      },
      "funding": {
        "type": "github",
        "url": "https://github.com/sponsors/wooorm"
      }
    },
    "node_modules/picocolors": {
      "version": "1.0.0",
      "license": "ISC"
    },
    "node_modules/picomatch": {
      "version": "2.3.1",
      "license": "MIT",
      "engines": {
        "node": ">=8.6"
      },
      "funding": {
        "url": "https://github.com/sponsors/jonschlinkert"
      }
    },
    "node_modules/postcss": {
      "version": "8.4.5",
      "license": "MIT",
      "dependencies": {
        "nanoid": "^3.1.30",
        "picocolors": "^1.0.0",
        "source-map-js": "^1.0.1"
      },
      "engines": {
        "node": "^10 || ^12 || >=14"
      },
      "funding": {
        "type": "opencollective",
        "url": "https://opencollective.com/postcss/"
      }
    },
    "node_modules/postcss-value-parser": {
      "version": "4.2.0",
      "license": "MIT"
    },
    "node_modules/prismjs": {
      "version": "1.27.0",
      "license": "MIT",
      "engines": {
        "node": ">=6"
      }
    },
    "node_modules/prop-types": {
      "version": "15.8.1",
      "license": "MIT",
      "dependencies": {
        "loose-envify": "^1.4.0",
        "object-assign": "^4.1.1",
        "react-is": "^16.13.1"
      }
    },
    "node_modules/prop-types/node_modules/react-is": {
      "version": "16.13.1",
      "license": "MIT"
    },
    "node_modules/property-information": {
      "version": "5.6.0",
      "license": "MIT",
      "dependencies": {
        "xtend": "^4.0.0"
      },
      "funding": {
        "type": "github",
        "url": "https://github.com/sponsors/wooorm"
      }
    },
    "node_modules/react": {
      "version": "17.0.2",
      "license": "MIT",
      "dependencies": {
        "loose-envify": "^1.1.0",
        "object-assign": "^4.1.1"
      },
      "engines": {
        "node": ">=0.10.0"
      }
    },
    "node_modules/react-dom": {
      "version": "17.0.2",
      "license": "MIT",
      "dependencies": {
        "loose-envify": "^1.1.0",
        "object-assign": "^4.1.1",
        "scheduler": "^0.20.2"
      },
      "peerDependencies": {
        "react": "17.0.2"
      }
    },
    "node_modules/react-feather": {
      "version": "2.0.9",
      "license": "MIT",
      "dependencies": {
        "prop-types": "^15.7.2"
      },
      "peerDependencies": {
        "react": "^16.8.6 || ^17"
      }
    },
    "node_modules/react-is": {
      "version": "17.0.2",
      "license": "MIT"
    },
    "node_modules/react-spline": {
      "version": "1.2.1",
      "license": "MIT",
      "dependencies": {
        "three": "0.123.0"
      },
      "engines": {
        "node": ">=10"
      },
      "peerDependencies": {
        "react": "^16.0.0"
      }
    },
    "node_modules/react-syntax-highlighter": {
      "version": "15.5.0",
      "license": "MIT",
      "dependencies": {
        "@babel/runtime": "^7.3.1",
        "highlight.js": "^10.4.1",
        "lowlight": "^1.17.0",
        "prismjs": "^1.27.0",
        "refractor": "^3.6.0"
      },
      "peerDependencies": {
        "react": ">= 0.14.0"
      }
    },
    "node_modules/refractor": {
      "version": "3.6.0",
      "license": "MIT",
      "dependencies": {
        "hastscript": "^6.0.0",
        "parse-entities": "^2.0.0",
        "prismjs": "~1.27.0"
      },
      "funding": {
        "type": "github",
        "url": "https://github.com/sponsors/wooorm"
      }
    },
    "node_modules/regenerator-runtime": {
      "version": "0.13.9",
      "license": "MIT"
    },
    "node_modules/scheduler": {
      "version": "0.20.2",
      "license": "MIT",
      "dependencies": {
        "loose-envify": "^1.1.0",
        "object-assign": "^4.1.1"
      }
    },
    "node_modules/shallowequal": {
      "version": "1.1.0",
      "license": "MIT"
    },
    "node_modules/source-map": {
      "version": "0.5.7",
      "license": "BSD-3-Clause",
      "engines": {
        "node": ">=0.10.0"
      }
    },
    "node_modules/source-map-js": {
      "version": "1.0.2",
      "license": "BSD-3-Clause",
      "engines": {
        "node": ">=0.10.0"
      }
    },
    "node_modules/space-separated-tokens": {
      "version": "1.1.5",
      "license": "MIT",
      "funding": {
        "type": "github",
        "url": "https://github.com/sponsors/wooorm"
      }
    },
    "node_modules/ssr-window": {
      "version": "4.0.2",
      "resolved": "https://registry.npmjs.org/ssr-window/-/ssr-window-4.0.2.tgz",
      "integrity": "sha512-ISv/Ch+ig7SOtw7G2+qkwfVASzazUnvlDTwypdLoPoySv+6MqlOV10VwPSE6EWkGjhW50lUmghPmpYZXMu/+AQ=="
    },
    "node_modules/styled-components": {
      "version": "5.3.3",
      "license": "MIT",
      "dependencies": {
        "@babel/helper-module-imports": "^7.0.0",
        "@babel/traverse": "^7.4.5",
        "@emotion/is-prop-valid": "^0.8.8",
        "@emotion/stylis": "^0.8.4",
        "@emotion/unitless": "^0.7.4",
        "babel-plugin-styled-components": ">= 1.12.0",
        "css-to-react-native": "^3.0.0",
        "hoist-non-react-statics": "^3.0.0",
        "shallowequal": "^1.1.0",
        "supports-color": "^5.5.0"
      },
      "engines": {
        "node": ">=10"
      },
      "funding": {
        "type": "opencollective",
        "url": "https://opencollective.com/styled-components"
      },
      "peerDependencies": {
        "react": ">= 16.8.0",
        "react-dom": ">= 16.8.0",
        "react-is": ">= 16.8.0"
      }
    },
    "node_modules/styled-jsx": {
      "version": "5.0.1",
      "resolved": "https://registry.npmjs.org/styled-jsx/-/styled-jsx-5.0.1.tgz",
      "integrity": "sha512-+PIZ/6Uk40mphiQJJI1202b+/dYeTVd9ZnMPR80pgiWbjIwvN2zIp4r9et0BgqBuShh48I0gttPlAXA7WVvBxw==",
      "engines": {
        "node": ">= 12.0.0"
      },
      "peerDependencies": {
        "react": ">= 16.8.0 || 17.x.x || ^18.0.0-0"
      },
      "peerDependenciesMeta": {
        "@babel/core": {
          "optional": true
        },
        "babel-plugin-macros": {
          "optional": true
        }
      }
    },
    "node_modules/supports-color": {
      "version": "5.5.0",
      "license": "MIT",
      "dependencies": {
        "has-flag": "^3.0.0"
      },
      "engines": {
        "node": ">=4"
      }
    },
    "node_modules/swiper": {
      "version": "8.1.4",
      "resolved": "https://registry.npmjs.org/swiper/-/swiper-8.1.4.tgz",
      "integrity": "sha512-ho6ceKxqbDxV51qymVxwn1oB4CqTrsG3Y5pGW2aKlZxsT6NMdlow8ICUa+wD/m5l2T5ZD2B0yyqTihSSmLBV4A==",
      "funding": [
        {
          "type": "patreon",
          "url": "https://www.patreon.com/swiperjs"
        },
        {
          "type": "open_collective",
          "url": "http://opencollective.com/swiper"
        }
      ],
      "hasInstallScript": true,
      "dependencies": {
        "dom7": "^4.0.4",
        "ssr-window": "^4.0.2"
      },
      "engines": {
        "node": ">= 4.7.0"
      }
    },
    "node_modules/three": {
      "version": "0.123.0",
      "license": "MIT"
    },
    "node_modules/to-fast-properties": {
      "version": "2.0.0",
      "license": "MIT",
      "engines": {
        "node": ">=4"
      }
    },
    "node_modules/xtend": {
      "version": "4.0.2",
      "license": "MIT",
      "engines": {
        "node": ">=0.4"
      }
    }
  },
  "dependencies": {
    "@babel/code-frame": {
      "version": "7.16.7",
      "requires": {
        "@babel/highlight": "^7.16.7"
      }
    },
    "@babel/generator": {
      "version": "7.17.3",
      "requires": {
        "@babel/types": "^7.17.0",
        "jsesc": "^2.5.1",
        "source-map": "^0.5.0"
      }
    },
    "@babel/helper-annotate-as-pure": {
      "version": "7.16.7",
      "requires": {
        "@babel/types": "^7.16.7"
      }
    },
    "@babel/helper-environment-visitor": {
      "version": "7.16.7",
      "requires": {
        "@babel/types": "^7.16.7"
      }
    },
    "@babel/helper-function-name": {
      "version": "7.16.7",
      "requires": {
        "@babel/helper-get-function-arity": "^7.16.7",
        "@babel/template": "^7.16.7",
        "@babel/types": "^7.16.7"
      }
    },
    "@babel/helper-get-function-arity": {
      "version": "7.16.7",
      "requires": {
        "@babel/types": "^7.16.7"
      }
    },
    "@babel/helper-hoist-variables": {
      "version": "7.16.7",
      "requires": {
        "@babel/types": "^7.16.7"
      }
    },
    "@babel/helper-module-imports": {
      "version": "7.16.7",
      "requires": {
        "@babel/types": "^7.16.7"
      }
    },
    "@babel/helper-split-export-declaration": {
      "version": "7.16.7",
      "requires": {
        "@babel/types": "^7.16.7"
      }
    },
    "@babel/helper-validator-identifier": {
      "version": "7.16.7"
    },
    "@babel/highlight": {
      "version": "7.16.10",
      "requires": {
        "@babel/helper-validator-identifier": "^7.16.7",
        "chalk": "^2.0.0",
        "js-tokens": "^4.0.0"
      }
    },
    "@babel/parser": {
      "version": "7.17.3"
    },
    "@babel/runtime": {
      "version": "7.17.8",
      "requires": {
        "regenerator-runtime": "^0.13.4"
      }
    },
    "@babel/template": {
      "version": "7.16.7",
      "requires": {
        "@babel/code-frame": "^7.16.7",
        "@babel/parser": "^7.16.7",
        "@babel/types": "^7.16.7"
      }
    },
    "@babel/traverse": {
      "version": "7.17.3",
      "requires": {
        "@babel/code-frame": "^7.16.7",
        "@babel/generator": "^7.17.3",
        "@babel/helper-environment-visitor": "^7.16.7",
        "@babel/helper-function-name": "^7.16.7",
        "@babel/helper-hoist-variables": "^7.16.7",
        "@babel/helper-split-export-declaration": "^7.16.7",
        "@babel/parser": "^7.17.3",
        "@babel/types": "^7.17.0",
        "debug": "^4.1.0",
        "globals": "^11.1.0"
      }
    },
    "@babel/types": {
      "version": "7.17.0",
      "requires": {
        "@babel/helper-validator-identifier": "^7.16.7",
        "to-fast-properties": "^2.0.0"
      }
    },
    "@emotion/is-prop-valid": {
      "version": "0.8.8",
      "requires": {
        "@emotion/memoize": "0.7.4"
      }
    },
    "@emotion/memoize": {
      "version": "0.7.4"
    },
    "@emotion/stylis": {
      "version": "0.8.5"
    },
    "@emotion/unitless": {
      "version": "0.7.5"
    },
    "@next/env": {
      "version": "12.1.5",
      "resolved": "https://registry.npmjs.org/@next/env/-/env-12.1.5.tgz",
      "integrity": "sha512-+34yUJslfJi7Lyx6ELuN8nWcOzi27izfYnZIC1Dqv7kmmfiBVxgzR3BXhlvEMTKC2IRJhXVs2FkMY+buQe3k7Q=="
    },
    "@next/swc-android-arm-eabi": {
      "version": "12.1.5",
      "resolved": "https://registry.npmjs.org/@next/swc-android-arm-eabi/-/swc-android-arm-eabi-12.1.5.tgz",
      "integrity": "sha512-SKnGTdYcoN04Y2DvE0/Y7/MjkA+ltsmbuH/y/hR7Ob7tsj+8ZdOYuk+YvW1B8dY20nDPHP58XgDTSm2nA8BzzA==",
      "optional": true
    },
    "@next/swc-android-arm64": {
      "version": "12.1.5",
      "resolved": "https://registry.npmjs.org/@next/swc-android-arm64/-/swc-android-arm64-12.1.5.tgz",
      "integrity": "sha512-YXiqgQ/9Rxg1dXp6brXbeQM1JDx9SwUY/36JiE+36FXqYEmDYbxld9qkX6GEzkc5rbwJ+RCitargnzEtwGW0mw==",
      "optional": true
    },
    "@next/swc-darwin-arm64": {
      "version": "12.1.5",
      "resolved": "https://registry.npmjs.org/@next/swc-darwin-arm64/-/swc-darwin-arm64-12.1.5.tgz",
      "integrity": "sha512-y8mhldb/WFZ6lFeowkGfi0cO/lBdiBqDk4T4LZLvCpoQp4Or/NzUN6P5NzBQZ5/b4oUHM/wQICEM+1wKA4qIVw==",
      "optional": true
    },
    "@next/swc-darwin-x64": {
      "version": "12.1.5",
      "resolved": "https://registry.npmjs.org/@next/swc-darwin-x64/-/swc-darwin-x64-12.1.5.tgz",
      "integrity": "sha512-wqJ3X7WQdTwSGi0kIDEmzw34QHISRIQ5uvC+VXmsIlCPFcMA+zM5723uh8NfuKGquDMiEMS31a83QgkuHMYbwQ==",
      "optional": true
    },
    "@next/swc-linux-arm-gnueabihf": {
      "version": "12.1.5",
      "resolved": "https://registry.npmjs.org/@next/swc-linux-arm-gnueabihf/-/swc-linux-arm-gnueabihf-12.1.5.tgz",
      "integrity": "sha512-WnhdM5duONMvt2CncAl+9pim0wBxDS2lHoo7ub/o/i1bRbs11UTzosKzEXVaTDCUkCX2c32lIDi1WcN2ZPkcdw==",
      "optional": true
    },
    "@next/swc-linux-arm64-gnu": {
      "version": "12.1.5",
      "resolved": "https://registry.npmjs.org/@next/swc-linux-arm64-gnu/-/swc-linux-arm64-gnu-12.1.5.tgz",
      "integrity": "sha512-Jq2H68yQ4bLUhR/XQnbw3LDW0GMQn355qx6rU36BthDLeGue7YV7MqNPa8GKvrpPocEMW77nWx/1yI6w6J07gw==",
      "optional": true
    },
    "@next/swc-linux-arm64-musl": {
      "version": "12.1.5",
      "resolved": "https://registry.npmjs.org/@next/swc-linux-arm64-musl/-/swc-linux-arm64-musl-12.1.5.tgz",
      "integrity": "sha512-KgPjwdbhDqXI7ghNN8V/WAiLquc9Ebe8KBrNNEL0NQr+yd9CyKJ6KqjayVkmX+hbHzbyvbui/5wh/p3CZQ9xcQ==",
      "optional": true
    },
    "@next/swc-linux-x64-gnu": {
      "version": "12.1.5",
      "resolved": "https://registry.npmjs.org/@next/swc-linux-x64-gnu/-/swc-linux-x64-gnu-12.1.5.tgz",
      "integrity": "sha512-O2ErUTvCJ6DkNTSr9pbu1n3tcqykqE/ebty1rwClzIYdOgpB3T2MfEPP+K7GhUR87wmN/hlihO9ch7qpVFDGKw==",
      "optional": true
    },
    "@next/swc-linux-x64-musl": {
      "version": "12.1.5",
      "resolved": "https://registry.npmjs.org/@next/swc-linux-x64-musl/-/swc-linux-x64-musl-12.1.5.tgz",
      "integrity": "sha512-1eIlZmlO/VRjxxzUBcVosf54AFU3ltAzHi+BJA+9U/lPxCYIsT+R4uO3QksRzRjKWhVQMRjEnlXyyq5SKJm7BA==",
      "optional": true
    },
    "@next/swc-win32-arm64-msvc": {
      "version": "12.1.5",
      "resolved": "https://registry.npmjs.org/@next/swc-win32-arm64-msvc/-/swc-win32-arm64-msvc-12.1.5.tgz",
      "integrity": "sha512-oromsfokbEuVb0CBLLE7R9qX3KGXucZpsojLpzUh1QJjuy1QkrPJncwr8xmWQnwgtQ6ecMWXgXPB+qtvizT9Tw==",
      "optional": true
    },
    "@next/swc-win32-ia32-msvc": {
      "version": "12.1.5",
      "resolved": "https://registry.npmjs.org/@next/swc-win32-ia32-msvc/-/swc-win32-ia32-msvc-12.1.5.tgz",
      "integrity": "sha512-a/51L5KzBpeZSW9LbekMo3I3Cwul+V+QKwbEIMA+Qwb2qrlcn1L9h3lt8cHqNTFt2y72ce6aTwDTw1lyi5oIRA==",
      "optional": true
    },
    "@next/swc-win32-x64-msvc": {
      "version": "12.1.5",
      "resolved": "https://registry.npmjs.org/@next/swc-win32-x64-msvc/-/swc-win32-x64-msvc-12.1.5.tgz",
      "integrity": "sha512-/SoXW1Ntpmpw3AXAzfDRaQidnd8kbZ2oSni8u5z0yw6t4RwJvmdZy1eOaAADRThWKV+2oU90++LSnXJIwBRWYQ==",
      "optional": true
    },
    "@splinetool/react-spline": {
      "version": "2.1.0"
    },
    "@splinetool/runtime": {
      "version": "0.9.37",
      "requires": {
        "on-change": "^4.0.0"
      }
    },
    "@types/hast": {
      "version": "2.3.4",
      "requires": {
        "@types/unist": "*"
      }
    },
    "@types/unist": {
      "version": "2.0.6"
    },
    "ansi-styles": {
      "version": "3.2.1",
      "requires": {
        "color-convert": "^1.9.0"
      }
    },
    "babel-plugin-styled-components": {
      "version": "2.0.6",
      "requires": {
        "@babel/helper-annotate-as-pure": "^7.16.0",
        "@babel/helper-module-imports": "^7.16.0",
        "babel-plugin-syntax-jsx": "^6.18.0",
        "lodash": "^4.17.11",
        "picomatch": "^2.3.0"
      }
    },
    "babel-plugin-syntax-jsx": {
      "version": "6.18.0"
    },
    "camelize": {
      "version": "1.0.0"
    },
    "caniuse-lite": {
      "version": "1.0.30001314"
    },
    "chalk": {
      "version": "2.4.2",
      "requires": {
        "ansi-styles": "^3.2.1",
        "escape-string-regexp": "^1.0.5",
        "supports-color": "^5.3.0"
      }
    },
    "character-entities": {
      "version": "1.2.4"
    },
    "character-entities-legacy": {
      "version": "1.1.4"
    },
    "character-reference-invalid": {
      "version": "1.1.4"
    },
    "color-convert": {
      "version": "1.9.3",
      "requires": {
        "color-name": "1.1.3"
      }
    },
    "color-name": {
      "version": "1.1.3"
    },
    "comma-separated-tokens": {
      "version": "1.0.8"
    },
    "css-color-keywords": {
      "version": "1.0.0"
    },
    "css-to-react-native": {
      "version": "3.0.0",
      "requires": {
        "camelize": "^1.0.0",
        "css-color-keywords": "^1.0.0",
        "postcss-value-parser": "^4.0.2"
      }
    },
    "debug": {
      "version": "4.3.3",
      "requires": {
        "ms": "2.1.2"
      }
    },
    "dom7": {
      "version": "4.0.4",
      "resolved": "https://registry.npmjs.org/dom7/-/dom7-4.0.4.tgz",
      "integrity": "sha512-DSSgBzQ4rJWQp1u6o+3FVwMNnT5bzQbMb+o31TjYYeRi05uAcpF8koxdfzeoe5ElzPmua7W7N28YJhF7iEKqIw==",
      "requires": {
        "ssr-window": "^4.0.0"
      }
    },
    "escape-string-regexp": {
      "version": "1.0.5"
    },
    "fault": {
      "version": "1.0.4",
      "requires": {
        "format": "^0.2.0"
      }
    },
    "format": {
      "version": "0.2.2"
    },
    "globals": {
      "version": "11.12.0"
    },
    "has-flag": {
      "version": "3.0.0"
    },
    "hast-util-parse-selector": {
      "version": "2.2.5"
    },
    "hastscript": {
      "version": "6.0.0",
      "requires": {
        "@types/hast": "^2.0.0",
        "comma-separated-tokens": "^1.0.0",
        "hast-util-parse-selector": "^2.0.0",
        "property-information": "^5.0.0",
        "space-separated-tokens": "^1.0.0"
      }
    },
    "highlight.js": {
      "version": "10.7.3"
    },
    "hoist-non-react-statics": {
      "version": "3.3.2",
      "requires": {
        "react-is": "^16.7.0"
      },
      "dependencies": {
        "react-is": {
          "version": "16.13.1"
        }
      }
    },
    "is-alphabetical": {
      "version": "1.0.4"
    },
    "is-alphanumerical": {
      "version": "1.0.4",
      "requires": {
        "is-alphabetical": "^1.0.0",
        "is-decimal": "^1.0.0"
      }
    },
    "is-decimal": {
      "version": "1.0.4"
    },
    "is-hexadecimal": {
      "version": "1.0.4"
    },
    "js-tokens": {
      "version": "4.0.0"
    },
    "jsesc": {
      "version": "2.5.2"
    },
    "lodash": {
      "version": "4.17.21"
    },
    "loose-envify": {
      "version": "1.4.0",
      "requires": {
        "js-tokens": "^3.0.0 || ^4.0.0"
      }
    },
    "lowlight": {
      "version": "1.20.0",
      "requires": {
        "fault": "^1.0.0",
        "highlight.js": "~10.7.0"
      }
    },
    "ms": {
      "version": "2.1.2"
    },
    "nanoid": {
      "version": "3.3.1"
    },
    "next": {
      "version": "12.1.5",
      "resolved": "https://registry.npmjs.org/next/-/next-12.1.5.tgz",
      "integrity": "sha512-YGHDpyfgCfnT5GZObsKepmRnne7Kzp7nGrac07dikhutWQug7hHg85/+sPJ4ZW5Q2pDkb+n0FnmLkmd44htIJQ==",
      "requires": {
        "@next/env": "12.1.5",
        "@next/swc-android-arm-eabi": "12.1.5",
        "@next/swc-android-arm64": "12.1.5",
        "@next/swc-darwin-arm64": "12.1.5",
        "@next/swc-darwin-x64": "12.1.5",
        "@next/swc-linux-arm-gnueabihf": "12.1.5",
        "@next/swc-linux-arm64-gnu": "12.1.5",
        "@next/swc-linux-arm64-musl": "12.1.5",
        "@next/swc-linux-x64-gnu": "12.1.5",
        "@next/swc-linux-x64-musl": "12.1.5",
        "@next/swc-win32-arm64-msvc": "12.1.5",
        "@next/swc-win32-ia32-msvc": "12.1.5",
        "@next/swc-win32-x64-msvc": "12.1.5",
        "caniuse-lite": "^1.0.30001283",
        "postcss": "8.4.5",
        "styled-jsx": "5.0.1"
      }
    },
    "object-assign": {
      "version": "4.1.1"
    },
    "on-change": {
      "version": "4.0.0"
    },
    "parse-entities": {
      "version": "2.0.0",
      "requires": {
        "character-entities": "^1.0.0",
        "character-entities-legacy": "^1.0.0",
        "character-reference-invalid": "^1.0.0",
        "is-alphanumerical": "^1.0.0",
        "is-decimal": "^1.0.0",
        "is-hexadecimal": "^1.0.0"
      }
    },
    "picocolors": {
      "version": "1.0.0"
    },
    "picomatch": {
      "version": "2.3.1"
    },
    "postcss": {
      "version": "8.4.5",
      "requires": {
        "nanoid": "^3.1.30",
        "picocolors": "^1.0.0",
        "source-map-js": "^1.0.1"
      }
    },
    "postcss-value-parser": {
      "version": "4.2.0"
    },
    "prismjs": {
      "version": "1.27.0"
    },
    "prop-types": {
      "version": "15.8.1",
      "requires": {
        "loose-envify": "^1.4.0",
        "object-assign": "^4.1.1",
        "react-is": "^16.13.1"
      },
      "dependencies": {
        "react-is": {
          "version": "16.13.1"
        }
      }
    },
    "property-information": {
      "version": "5.6.0",
      "requires": {
        "xtend": "^4.0.0"
      }
    },
    "react": {
      "version": "17.0.2",
      "requires": {
        "loose-envify": "^1.1.0",
        "object-assign": "^4.1.1"
      }
    },
    "react-dom": {
      "version": "17.0.2",
      "requires": {
        "loose-envify": "^1.1.0",
        "object-assign": "^4.1.1",
        "scheduler": "^0.20.2"
      }
    },
    "react-feather": {
      "version": "2.0.9",
      "requires": {
        "prop-types": "^15.7.2"
      }
    },
    "react-is": {
      "version": "17.0.2"
    },
    "react-spline": {
      "version": "1.2.1",
      "requires": {
        "three": "0.123.0"
      }
    },
    "react-syntax-highlighter": {
      "version": "15.5.0",
      "requires": {
        "@babel/runtime": "^7.3.1",
        "highlight.js": "^10.4.1",
        "lowlight": "^1.17.0",
        "prismjs": "^1.27.0",
        "refractor": "^3.6.0"
      }
    },
    "refractor": {
      "version": "3.6.0",
      "requires": {
        "hastscript": "^6.0.0",
        "parse-entities": "^2.0.0",
        "prismjs": "~1.27.0"
      }
    },
    "regenerator-runtime": {
      "version": "0.13.9"
    },
    "scheduler": {
      "version": "0.20.2",
      "requires": {
        "loose-envify": "^1.1.0",
        "object-assign": "^4.1.1"
      }
    },
    "shallowequal": {
      "version": "1.1.0"
    },
    "source-map": {
      "version": "0.5.7"
    },
    "source-map-js": {
      "version": "1.0.2"
    },
    "space-separated-tokens": {
      "version": "1.1.5"
    },
    "ssr-window": {
      "version": "4.0.2",
      "resolved": "https://registry.npmjs.org/ssr-window/-/ssr-window-4.0.2.tgz",
      "integrity": "sha512-ISv/Ch+ig7SOtw7G2+qkwfVASzazUnvlDTwypdLoPoySv+6MqlOV10VwPSE6EWkGjhW50lUmghPmpYZXMu/+AQ=="
    },
    "styled-components": {
      "version": "5.3.3",
      "requires": {
        "@babel/helper-module-imports": "^7.0.0",
        "@babel/traverse": "^7.4.5",
        "@emotion/is-prop-valid": "^0.8.8",
        "@emotion/stylis": "^0.8.4",
        "@emotion/unitless": "^0.7.4",
        "babel-plugin-styled-components": ">= 1.12.0",
        "css-to-react-native": "^3.0.0",
        "hoist-non-react-statics": "^3.0.0",
        "shallowequal": "^1.1.0",
        "supports-color": "^5.5.0"
      }
    },
    "styled-jsx": {
      "version": "5.0.1",
      "resolved": "https://registry.npmjs.org/styled-jsx/-/styled-jsx-5.0.1.tgz",
      "integrity": "sha512-+PIZ/6Uk40mphiQJJI1202b+/dYeTVd9ZnMPR80pgiWbjIwvN2zIp4r9et0BgqBuShh48I0gttPlAXA7WVvBxw=="
    },
    "supports-color": {
      "version": "5.5.0",
      "requires": {
        "has-flag": "^3.0.0"
      }
    },
    "swiper": {
      "version": "8.1.4",
      "resolved": "https://registry.npmjs.org/swiper/-/swiper-8.1.4.tgz",
      "integrity": "sha512-ho6ceKxqbDxV51qymVxwn1oB4CqTrsG3Y5pGW2aKlZxsT6NMdlow8ICUa+wD/m5l2T5ZD2B0yyqTihSSmLBV4A==",
      "requires": {
        "dom7": "^4.0.4",
        "ssr-window": "^4.0.2"
      }
    },
    "three": {
      "version": "0.123.0"
    },
    "to-fast-properties": {
      "version": "2.0.0"
    },
    "xtend": {
      "version": "4.0.2"
    }
  }
}
